{
  "name": "backend",
  "version": "1.0.0",
  "lockfileVersion": 3,
  "requires": true,
  "packages": {
    "": {
      "name": "backend",
      "version": "1.0.0",
      "license": "ISC",
      "dependencies": {
        "postgres": "^3.4.7"
      },
      "devDependencies": {
        "dbmate": "^2.28.0"
      }
    },
    "node_modules/@dbmate/darwin-arm64": {
      "version": "2.28.0",
      "resolved": "https://registry.npmjs.org/@dbmate/darwin-arm64/-/darwin-arm64-2.28.0.tgz",
      "integrity": "sha512-ZFjSS9ceCF6Gr87qUZ96Ow08P5k1l0kiMNZEwni66gVIPseZFDLLIeaHBGOaVbcDyevFBlrWQb8+LESOKmGsOw==",
      "cpu": [
        "arm64"
      ],
      "dev": true,
      "license": "MIT",
      "optional": true,
      "os": [
        "darwin"
      ]
    },
    "node_modules/@dbmate/darwin-x64": {
      "version": "2.28.0",
      "resolved": "https://registry.npmjs.org/@dbmate/darwin-x64/-/darwin-x64-2.28.0.tgz",
      "integrity": "sha512-7LA94QnQk9pnaC+tMOwHzx6wloZ160vGcW02mCz+6dHFdFk/Bha/zUgQFClg+wGlbqLKXqYfKLKYJnDjCEHa8w==",
      "cpu": [
        "x64"
      ],
      "dev": true,
      "license": "MIT",
      "optional": true,
      "os": [
        "darwin"
      ]
    },
    "node_modules/@dbmate/linux-arm": {
      "version": "2.28.0",
      "resolved": "https://registry.npmjs.org/@dbmate/linux-arm/-/linux-arm-2.28.0.tgz",
      "integrity": "sha512-mxZ5dd1RxiIGbh5l8Yc0r8/NXNRf0tz9UJ2hXZ63cmPoKwq9EQoPC6OChz3ahWO1/qdlgiCLy8iTeuvAl4RScA==",
      "cpu": [
        "arm"
      ],
      "dev": true,
      "license": "MIT",
      "optional": true,
      "os": [
        "linux"
      ]
    },
    "node_modules/@dbmate/linux-arm64": {
      "version": "2.28.0",
      "resolved": "https://registry.npmjs.org/@dbmate/linux-arm64/-/linux-arm64-2.28.0.tgz",
      "integrity": "sha512-K8XY3L0RB0qZ//Ct4ZuB5T3zwFGegbV2QUtvM7Dak5C178E0LQDl8uD2E6WURvV7oSpyjpCh9iq+4LoZ6N+EkQ==",
      "cpu": [
        "arm64"
      ],
      "dev": true,
      "license": "MIT",
      "optional": true,
      "os": [
        "linux"
      ]
    },
    "node_modules/@dbmate/linux-ia32": {
      "version": "2.28.0",
      "resolved": "https://registry.npmjs.org/@dbmate/linux-ia32/-/linux-ia32-2.28.0.tgz",
      "integrity": "sha512-O+3AZT/aVa4qD7FQ44MNBhx2enel3f+Ioh4IXDvDdPqbzm4wjNj8DlHF3d9hJ0AwfEuq27KWyPqZi9pRmxdM6Q==",
      "cpu": [
        "ia32"
      ],
      "dev": true,
      "license": "MIT",
      "optional": true,
      "os": [
        "linux"
      ]
    },
    "node_modules/@dbmate/linux-x64": {
      "version": "2.28.0",
      "resolved": "https://registry.npmjs.org/@dbmate/linux-x64/-/linux-x64-2.28.0.tgz",
      "integrity": "sha512-S4pV5HstfN/uLtrMcouxhn0zcErUGco98LWfzjY4Ylcv2pnc6rfzS6bBO6q0dHFbSPPZWOlsTY6Dw7WU4Uqcaw==",
      "cpu": [
        "x64"
      ],
      "dev": true,
      "license": "MIT",
      "optional": true,
      "os": [
        "linux"
      ]
    },
    "node_modules/@dbmate/win32-x64": {
      "version": "2.28.0",
      "resolved": "https://registry.npmjs.org/@dbmate/win32-x64/-/win32-x64-2.28.0.tgz",
      "integrity": "sha512-AmP8/XkG8vXGhE0UcTxIujJcNSHuUpEGBG4hzKoAdvcWUKX6CYGyskiWfhBBe13O8xUBmii+kQ79uG75NUYlTw==",
      "cpu": [
        "x64"
      ],
      "dev": true,
      "license": "MIT",
      "optional": true,
      "os": [
        "win32"
      ]
    },
    "node_modules/dbmate": {
      "version": "2.28.0",
      "resolved": "https://registry.npmjs.org/dbmate/-/dbmate-2.28.0.tgz",
      "integrity": "sha512-kbJ+Aqna/SOsS86RuimX8X/qmo9ItG00EYMUfUQmo3xGoXBac4+PZwOYV0fVPIGakIRljNolhfJySkPAFjmZsA==",
      "dev": true,
      "license": "MIT",
      "bin": {
        "dbmate": "dist/cli.js"
      },
      "optionalDependencies": {
        "@dbmate/darwin-arm64": "2.28.0",
        "@dbmate/darwin-x64": "2.28.0",
        "@dbmate/linux-arm": "2.28.0",
        "@dbmate/linux-arm64": "2.28.0",
        "@dbmate/linux-ia32": "2.28.0",
        "@dbmate/linux-x64": "2.28.0",
        "@dbmate/win32-x64": "2.28.0"
      }
    },
    "node_modules/postgres": {
      "version": "3.4.7",
      "resolved": "https://registry.npmjs.org/postgres/-/postgres-3.4.7.tgz",
      "integrity": "sha512-Jtc2612XINuBjIl/QTWsV5UvE8UHuNblcO3vVADSrKsrc6RqGX6lOW1cEo3CM2v0XG4Nat8nI+YM7/f26VxXLw==",
      "license": "Unlicense",
      "engines": {
        "node": ">=12"
      },
      "funding": {
        "type": "individual",
        "url": "https://github.com/sponsors/porsager"
      }
    }
  }
}
